// !$*UTF8*$!
{
	archiveVersion = 1;
	classes = {
	};
	objectVersion = 50;
	objects = {

/* Begin PBXBuildFile section */
		89A8D1A82437EE0500A22294 /* AppDelegate.swift in Sources */ = {isa = PBXBuildFile; fileRef = 89A8D1A72437EE0500A22294 /* AppDelegate.swift */; };
		89A8D1AA2437EE0500A22294 /* SceneDelegate.swift in Sources */ = {isa = PBXBuildFile; fileRef = 89A8D1A92437EE0500A22294 /* SceneDelegate.swift */; };
		89A8D1AC2437EE0500A22294 /* ContentView.swift in Sources */ = {isa = PBXBuildFile; fileRef = 89A8D1AB2437EE0500A22294 /* ContentView.swift */; };
		89A8D1AE2437EE0600A22294 /* Assets.xcassets in Resources */ = {isa = PBXBuildFile; fileRef = 89A8D1AD2437EE0600A22294 /* Assets.xcassets */; };
		89A8D1B12437EE0600A22294 /* Preview Assets.xcassets in Resources */ = {isa = PBXBuildFile; fileRef = 89A8D1B02437EE0600A22294 /* Preview Assets.xcassets */; };
		89A8D1B42437EE0600A22294 /* LaunchScreen.storyboard in Resources */ = {isa = PBXBuildFile; fileRef = 89A8D1B22437EE0600A22294 /* LaunchScreen.storyboard */; };
/* End PBXBuildFile section */

/* Begin PBXFileReference section */
		89A8D1A42437EE0500A22294 /* TheMovieDB-SwiftUI.app */ = {isa = PBXFileReference; explicitFileType = wrapper.application; includeInIndex = 0; path = "TheMovieDB-SwiftUI.app"; sourceTree = BUILT_PRODUCTS_DIR; };
		89A8D1A72437EE0500A22294 /* AppDelegate.swift */ = {isa = PBXFileReference; lastKnownFileType = sourcecode.swift; path = AppDelegate.swift; sourceTree = "<group>"; };
		89A8D1A92437EE0500A22294 /* SceneDelegate.swift */ = {isa = PBXFileReference; lastKnownFileType = sourcecode.swift; path = SceneDelegate.swift; sourceTree = "<group>"; };
		89A8D1AB2437EE0500A22294 /* ContentView.swift */ = {isa = PBXFileReference; lastKnownFileType = sourcecode.swift; path = ContentView.swift; sourceTree = "<group>"; };
		89A8D1AD2437EE0600A22294 /* Assets.xcassets */ = {isa = PBXFileReference; lastKnownFileType = folder.assetcatalog; path = Assets.xcassets; sourceTree = "<group>"; };
		89A8D1B02437EE0600A22294 /* Preview Assets.xcassets */ = {isa = PBXFileReference; lastKnownFileType = folder.assetcatalog; path = "Preview Assets.xcassets"; sourceTree = "<group>"; };
		89A8D1B32437EE0600A22294 /* Base */ = {isa = PBXFileReference; lastKnownFileType = file.storyboard; name = Base; path = Base.lproj/LaunchScreen.storyboard; sourceTree = "<group>"; };
		89A8D1B52437EE0600A22294 /* Info.plist */ = {isa = PBXFileReference; lastKnownFileType = text.plist.xml; path = Info.plist; sourceTree = "<group>"; };
/* End PBXFileReference section */

/* Begin PBXFrameworksBuildPhase section */
		89A8D1A12437EE0500A22294 /* Frameworks */ = {
			isa = PBXFrameworksBuildPhase;
			buildActionMask = 2147483647;
			files = (
			);
			runOnlyForDeploymentPostprocessing = 0;
		};
/* End PBXFrameworksBuildPhase section */

/* Begin PBXGroup section */
		89A8D19B2437EE0500A22294 = {
			isa = PBXGroup;
			children = (
				89A8D1A62437EE0500A22294 /* TheMovieDB-SwiftUI */,
				89A8D1A52437EE0500A22294 /* Products */,
			);
			sourceTree = "<group>";
		};
		89A8D1A52437EE0500A22294 /* Products */ = {
			isa = PBXGroup;
			children = (
				89A8D1A42437EE0500A22294 /* TheMovieDB-SwiftUI.app */,
			);
			name = Products;
			sourceTree = "<group>";
		};
		89A8D1A62437EE0500A22294 /* TheMovieDB-SwiftUI */ = {
			isa = PBXGroup;
			children = (
				89A8D1A72437EE0500A22294 /* AppDelegate.swift */,
				89A8D1A92437EE0500A22294 /* SceneDelegate.swift */,
				89A8D1AB2437EE0500A22294 /* ContentView.swift */,
				89A8D1AD2437EE0600A22294 /* Assets.xcassets */,
				89A8D1B22437EE0600A22294 /* LaunchScreen.storyboard */,
				89A8D1B52437EE0600A22294 /* Info.plist */,
				89A8D1AF2437EE0600A22294 /* Preview Content */,
			);
			path = "TheMovieDB-SwiftUI";
			sourceTree = "<group>";
		};
		89A8D1AF2437EE0600A22294 /* Preview Content */ = {
			isa = PBXGroup;
			children = (
				89A8D1B02437EE0600A22294 /* Preview Assets.xcassets */,
			);
			path = "Preview Content";
			sourceTree = "<group>";
		};
/* End PBXGroup section */

/* Begin PBXNativeTarget section */
		89A8D1A32437EE0500A22294 /* TheMovieDB-SwiftUI */ = {
			isa = PBXNativeTarget;
			buildConfigurationList = 89A8D1B82437EE0600A22294 /* Build configuration list for PBXNativeTarget "TheMovieDB-SwiftUI" */;
			buildPhases = (
				89A8D1A02437EE0500A22294 /* Sources */,
				89A8D1A12437EE0500A22294 /* Frameworks */,
				89A8D1A22437EE0500A22294 /* Resources */,
			);
			buildRules = (
			);
			dependencies = (
			);
			name = "TheMovieDB-SwiftUI";
			productName = "TheMovieDB-SwiftUI";
			productReference = 89A8D1A42437EE0500A22294 /* TheMovieDB-SwiftUI.app */;
			productType = "com.apple.product-type.application";
		};
/* End PBXNativeTarget section */

/* Begin PBXProject section */
		89A8D19C2437EE0500A22294 /* Project object */ = {
			isa = PBXProject;
			attributes = {
				LastSwiftUpdateCheck = 1140;
				LastUpgradeCheck = 1140;
				ORGANIZATIONNAME = "Ronald Maciel";
				TargetAttributes = {
					89A8D1A32437EE0500A22294 = {
						CreatedOnToolsVersion = 11.4;
					};
				};
			};
			buildConfigurationList = 89A8D19F2437EE0500A22294 /* Build configuration list for PBXProject "TheMovieDB-SwiftUI" */;
			compatibilityVersion = "Xcode 9.3";
			developmentRegion = en;
			hasScannedForEncodings = 0;
			knownRegions = (
				en,
				Base,
			);
			mainGroup = 89A8D19B2437EE0500A22294;
			productRefGroup = 89A8D1A52437EE0500A22294 /* Products */;
			projectDirPath = "";
			projectRoot = "";
			targets = (
				89A8D1A32437EE0500A22294 /* TheMovieDB-SwiftUI */,
			);
		};
/* End PBXProject section */

/* Begin PBXResourcesBuildPhase section */
		89A8D1A22437EE0500A22294 /* Resources */ = {
			isa = PBXResourcesBuildPhase;
			buildActionMask = 2147483647;
			files = (
				89A8D1B42437EE0600A22294 /* LaunchScreen.storyboard in Resources */,
				89A8D1B12437EE0600A22294 /* Preview Assets.xcassets in Resources */,
				89A8D1AE2437EE0600A22294 /* Assets.xcassets in Resources */,
			);
			runOnlyForDeploymentPostprocessing = 0;
		};
/* End PBXResourcesBuildPhase section */

/* Begin PBXSourcesBuildPhase section */
		89A8D1A02437EE0500A22294 /* Sources */ = {
			isa = PBXSourcesBuildPhase;
			buildActionMask = 2147483647;
			files = (
				89A8D1A82437EE0500A22294 /* AppDelegate.swift in Sources */,
				89A8D1AA2437EE0500A22294 /* SceneDelegate.swift in Sources */,
				89A8D1AC2437EE0500A22294 /* ContentView.swift in Sources */,
			);
			runOnlyForDeploymentPostprocessing = 0;
		};
/* End PBXSourcesBuildPhase section */

/* Begin PBXVariantGroup section */
		89A8D1B22437EE0600A22294 /* LaunchScreen.storyboard */ = {
			isa = PBXVariantGroup;
			children = (
				89A8D1B32437EE0600A22294 /* Base */,
			);
			name = LaunchScreen.storyboard;
			sourceTree = "<group>";
		};
/* End PBXVariantGroup section */

/* Begin XCBuildConfiguration section */
		89A8D1B62437EE0600A22294 /* Debug */ = {
			isa = XCBuildConfiguration;
			buildSettings = {
				ALWAYS_SEARCH_USER_PATHS = NO;
				CLANG_ANALYZER_NONNULL = YES;
				CLANG_ANALYZER_NUMBER_OBJECT_CONVERSION = YES_AGGRESSIVE;
				CLANG_CXX_LANGUAGE_STANDARD = "gnu++14";
				CLANG_CXX_LIBRARY = "libc++";
				CLANG_ENABLE_MODULES = YES;
				CLANG_ENABLE_OBJC_ARC = YES;
				CLANG_ENABLE_OBJC_WEAK = YES;
				CLANG_WARN_BLOCK_CAPTURE_AUTORELEASING = YES;
				CLANG_WARN_BOOL_CONVERSION = YES;
				CLANG_WARN_COMMA = YES;
				CLANG_WARN_CONSTANT_CONVERSION = YES;
				CLANG_WARN_DEPRECATED_OBJC_IMPLEMENTATIONS = YES;
				CLANG_WARN_DIRECT_OBJC_ISA_USAGE = YES_ERROR;
				CLANG_WARN_DOCUMENTATION_COMMENTS = YES;
				CLANG_WARN_EMPTY_BODY = YES;
				CLANG_WARN_ENUM_CONVERSION = YES;
				CLANG_WARN_INFINITE_RECURSION = YES;
				CLANG_WARN_INT_CONVERSION = YES;
				CLANG_WARN_NON_LITERAL_NULL_CONVERSION = YES;
				CLANG_WARN_OBJC_IMPLICIT_RETAIN_SELF = YES;
				CLANG_WARN_OBJC_LITERAL_CONVERSION = YES;
				CLANG_WARN_OBJC_ROOT_CLASS = YES_ERROR;
				CLANG_WARN_RANGE_LOOP_ANALYSIS = YES;
				CLANG_WARN_STRICT_PROTOTYPES = YES;
				CLANG_WARN_SUSPICIOUS_MOVE = YES;
				CLANG_WARN_UNGUARDED_AVAILABILITY = YES_AGGRESSIVE;
				CLANG_WARN_UNREACHABLE_CODE = YES;
				CLANG_WARN__DUPLICATE_METHOD_MATCH = YES;
				COPY_PHASE_STRIP = NO;
				DEBUG_INFORMATION_FORMAT = dwarf;
				ENABLE_STRICT_OBJC_MSGSEND = YES;
				ENABLE_TESTABILITY = YES;
				GCC_C_LANGUAGE_STANDARD = gnu11;
				GCC_DYNAMIC_NO_PIC = NO;
				GCC_NO_COMMON_BLOCKS = YES;
				GCC_OPTIMIZATION_LEVEL = 0;
				GCC_PREPROCESSOR_DEFINITIONS = (
					"DEBUG=1",
					"$(inherited)",
				);
				GCC_WARN_64_TO_32_BIT_CONVERSION = YES;
				GCC_WARN_ABOUT_RETURN_TYPE = YES_ERROR;
				GCC_WARN_UNDECLARED_SELECTOR = YES;
				GCC_WARN_UNINITIALIZED_AUTOS = YES_AGGRESSIVE;
				GCC_WARN_UNUSED_FUNCTION = YES;
				GCC_WARN_UNUSED_VARIABLE = YES;
				IPHONEOS_DEPLOYMENT_TARGET = 13.4;
				MTL_ENABLE_DEBUG_INFO = INCLUDE_SOURCE;
				MTL_FAST_MATH = YES;
				ONLY_ACTIVE_ARCH = YES;
				SDKROOT = iphoneos;
				SWIFT_ACTIVE_COMPILATION_CONDITIONS = DEBUG;
				SWIFT_OPTIMIZATION_LEVEL = "-Onone";
			};
			name = Debug;
		};
		89A8D1B72437EE0600A22294 /* Release */ = {
			isa = XCBuildConfiguration;
			buildSettings = {
				ALWAYS_SEARCH_USER_PATHS = NO;
				CLANG_ANALYZER_NONNULL = YES;
				CLANG_ANALYZER_NUMBER_OBJECT_CONVERSION = YES_AGGRESSIVE;
				CLANG_CXX_LANGUAGE_STANDARD = "gnu++14";
				CLANG_CXX_LIBRARY = "libc++";
				CLANG_ENABLE_MODULES = YES;
				CLANG_ENABLE_OBJC_ARC = YES;
				CLANG_ENABLE_OBJC_WEAK = YES;
				CLANG_WARN_BLOCK_CAPTURE_AUTORELEASING = YES;
				CLANG_WARN_BOOL_CONVERSION = YES;
				CLANG_WARN_COMMA = YES;
				CLANG_WARN_CONSTANT_CONVERSION = YES;
				CLANG_WARN_DEPRECATED_OBJC_IMPLEMENTATIONS = YES;
				CLANG_WARN_DIRECT_OBJC_ISA_USAGE = YES_ERROR;
				CLANG_WARN_DOCUMENTATION_COMMENTS = YES;
				CLANG_WARN_EMPTY_BODY = YES;
				CLANG_WARN_ENUM_CONVERSION = YES;
				CLANG_WARN_INFINITE_RECURSION = YES;
				CLANG_WARN_INT_CONVERSION = YES;
				CLANG_WARN_NON_LITERAL_NULL_CONVERSION = YES;
				CLANG_WARN_OBJC_IMPLICIT_RETAIN_SELF = YES;
				CLANG_WARN_OBJC_LITERAL_CONVERSION = YES;
				CLANG_WARN_OBJC_ROOT_CLASS = YES_ERROR;
				CLANG_WARN_RANGE_LOOP_ANALYSIS = YES;
				CLANG_WARN_STRICT_PROTOTYPES = YES;
				CLANG_WARN_SUSPICIOUS_MOVE = YES;
				CLANG_WARN_UNGUARDED_AVAILABILITY = YES_AGGRESSIVE;
				CLANG_WARN_UNREACHABLE_CODE = YES;
				CLANG_WARN__DUPLICATE_METHOD_MATCH = YES;
				COPY_PHASE_STRIP = NO;
				DEBUG_INFORMATION_FORMAT = "dwarf-with-dsym";
				ENABLE_NS_ASSERTIONS = NO;
				ENABLE_STRICT_OBJC_MSGSEND = YES;
				GCC_C_LANGUAGE_STANDARD = gnu11;
				GCC_NO_COMMON_BLOCKS = YES;
				GCC_WARN_64_TO_32_BIT_CONVERSION = YES;
				GCC_WARN_ABOUT_RETURN_TYPE = YES_ERROR;
				GCC_WARN_UNDECLARED_SELECTOR = YES;
				GCC_WARN_UNINITIALIZED_AUTOS = YES_AGGRESSIVE;
				GCC_WARN_UNUSED_FUNCTION = YES;
				GCC_WARN_UNUSED_VARIABLE = YES;
				IPHONEOS_DEPLOYMENT_TARGET = 13.4;
				MTL_ENABLE_DEBUG_INFO = NO;
				MTL_FAST_MATH = YES;
				SDKROOT = iphoneos;
				SWIFT_COMPILATION_MODE = wholemodule;
				SWIFT_OPTIMIZATION_LEVEL = "-O";
				VALIDATE_PRODUCT = YES;
			};
			name = Release;
		};
		89A8D1B92437EE0600A22294 /* Debug */ = {
			isa = XCBuildConfiguration;
			buildSettings = {
				ASSETCATALOG_COMPILER_APPICON_NAME = AppIcon;
				CODE_SIGN_STYLE = Automatic;
				DEVELOPMENT_ASSET_PATHS = "\"TheMovieDB-SwiftUI/Preview Content\"";
				DEVELOPMENT_TEAM = P7WV6D6894;
				ENABLE_PREVIEWS = YES;
				INFOPLIST_FILE = "TheMovieDB-SwiftUI/Info.plist";
				LD_RUNPATH_SEARCH_PATHS = (
					"$(inherited)",
					"@executable_path/Frameworks",
				);
				PRODUCT_BUNDLE_IDENTIFIER = "com.romaciel.TheMovieDB-SwiftUI";
				PRODUCT_NAME = "$(TARGET_NAME)";
				SWIFT_VERSION = 5.0;
				TARGETED_DEVICE_FAMILY = "1,2";
			};
			name = Debug;
		};
		89A8D1BA2437EE0600A22294 /* Release */ = {
			isa = XCBuildConfiguration;
			buildSettings = {
				ASSETCATALOG_COMPILER_APPICON_NAME = AppIcon;
				CODE_SIGN_STYLE = Automatic;
				DEVELOPMENT_ASSET_PATHS = "\"TheMovieDB-SwiftUI/Preview Content\"";
				DEVELOPMENT_TEAM = P7WV6D6894;
				ENABLE_PREVIEWS = YES;
				INFOPLIST_FILE = "TheMovieDB-SwiftUI/Info.plist";
				LD_RUNPATH_SEARCH_PATHS = (
					"$(inherited)",
					"@executable_path/Frameworks",
				);
				PRODUCT_BUNDLE_IDENTIFIER = "com.romaciel.TheMovieDB-SwiftUI";
				PRODUCT_NAME = "$(TARGET_NAME)";
				SWIFT_VERSION = 5.0;
				TARGETED_DEVICE_FAMILY = "1,2";
			};
			name = Release;
		};
/* End XCBuildConfiguration section */

/* Begin XCConfigurationList section */
		89A8D19F2437EE0500A22294 /* Build configuration list for PBXProject "TheMovieDB-SwiftUI" */ = {
			isa = XCConfigurationList;
			buildConfigurations = (
				89A8D1B62437EE0600A22294 /* Debug */,
				89A8D1B72437EE0600A22294 /* Release */,
			);
			defaultConfigurationIsVisible = 0;
			defaultConfigurationName = Release;
		};
		89A8D1B82437EE0600A22294 /* Build configuration list for PBXNativeTarget "TheMovieDB-SwiftUI" */ = {
			isa = XCConfigurationList;
			buildConfigurations = (
				89A8D1B92437EE0600A22294 /* Debug */,
				89A8D1BA2437EE0600A22294 /* Release */,
			);
			defaultConfigurationIsVisible = 0;
			defaultConfigurationName = Release;
		};
/* End XCConfigurationList section */
	};
	rootObject = 89A8D19C2437EE0500A22294 /* Project object */;
}
